{
  "name": "@atinm/pgn-reader",
  "version": "1.1.2",
  "lockfileVersion": 1,
  "requires": true,
  "dependencies": {
    "@atinm/pgn-parser": {
      "version": "git://github.com/atinm/pgn-parser.git#a5f7e83749ecdd31ac6e0bbd176cd93da077b31d",
      "from": "git://github.com/atinm/pgn-parser.git#chess960_variant"
    },
    "chess.js": {
      "version": "git://github.com/atinm/chess.js.git#6fc99702c657cfea2f68524dd634a0c3e183bd6d",
      "from": "git://github.com/atinm/chess.js.git#chess960_support"
    }
  }
}
